
Microsoft Visual Studio Solution File, Format Version 12.00
# Visual Studio 15
VisualStudioVersion = 15.0.28307.136
MinimumVisualStudioVersion = 10.0.40219.1
Project("{8BC9CEB8-8B4A-11D0-8D11-00A0C91BC942}") = "Server", "Server\Server.vcxproj", "{BF7275F9-310D-4A03-873C-E156518B3F24}"
EndProject
Project("{8BC9CEB8-8B4A-11D0-8D11-00A0C91BC942}") = "Client", "Client\Client.vcxproj", "{480174AF-85C7-4637-B533-928CBECBCE30}"
EndProject
Global
	GlobalSection(SolutionConfigurationPlatforms) = preSolution
		Debug|x64 = Debug|x64
		Debug|x86 = Debug|x86
		Release|x64 = Release|x64
		Release|x86 = Release|x86
	EndGlobalSection
	GlobalSection(ProjectConfigurationPlatforms) = postSolution
		{BF7275F9-310D-4A03-873C-E156518B3F24}.Debug|x64.ActiveCfg = Debug|x64
		{BF7275F9-310D-4A03-873C-E156518B3F24}.Debug|x64.Build.0 = Debug|x64
		{BF7275F9-310D-4A03-873C-E156518B3F24}.Debug|x86.ActiveCfg = Debug|Win32
		{BF7275F9-310D-4A03-873C-E156518B3F24}.Debug|x86.Build.0 = Debug|Win32
		{BF7275F9-310D-4A03-873C-E156518B3F24}.Release|x64.ActiveCfg = Release|x64
		{BF7275F9-310D-4A03-873C-E156518B3F24}.Release|x64.Build.0 = Release|x64
		{BF7275F9-310D-4A03-873C-E156518B3F24}.Release|x86.ActiveCfg = Release|Win32
		{BF7275F9-310D-4A03-873C-E156518B3F24}.Release|x86.Build.0 = Release|Win32
		{480174AF-85C7-4637-B533-928CBECBCE30}.Debug|x64.ActiveCfg = Debug|x64
		{480174AF-85C7-4637-B533-928CBECBCE30}.Debug|x64.Build.0 = Debug|x64
		{480174AF-85C7-4637-B533-928CBECBCE30}.Debug|x86.ActiveCfg = Debug|Win32
		{480174AF-85C7-4637-B533-928CBECBCE30}.Debug|x86.Build.0 = Debug|Win32
		{480174AF-85C7-4637-B533-928CBECBCE30}.Release|x64.ActiveCfg = Release|x64
		{480174AF-85C7-4637-B533-928CBECBCE30}.Release|x64.Build.0 = Release|x64
		{480174AF-85C7-4637-B533-928CBECBCE30}.Release|x86.ActiveCfg = Release|Win32
		{480174AF-85C7-4637-B533-928CBECBCE30}.Release|x86.Build.0 = Release|Win32
	EndGlobalSection
	GlobalSection(SolutionProperties) = preSolution
		HideSolutionNode = FALSE
	EndGlobalSection
	GlobalSection(ExtensibilityGlobals) = postSolution
		SolutionGuid = {E8E4FDAD-A02B-44FA-B9B5-A5325DBDE5DE}
	EndGlobalSection
EndGlobal
